
Microsoft Visual Studio Solution File, Format Version 12.00
# Visual Studio Version 16
VisualStudioVersion = 16.0.30114.105
MinimumVisualStudioVersion = 10.0.40219.1
Project("{FAE04EC0-301F-11D3-BF4B-00C04F79EFBC}") = "BowlingGame", "BowlingGame\BowlingGame.csproj", "{FACFC5DD-B3A9-4286-8FCD-738E7D8F9ED2}"
EndProject
Project("{FAE04EC0-301F-11D3-BF4B-00C04F79EFBC}") = "BowlingGame.Tests", "BowlingGame.Tests\BowlingGame.Tests.csproj", "{01AE1F97-6A69-4DB6-8922-C2F80B48641E}"
EndProject
Global
	GlobalSection(SolutionConfigurationPlatforms) = preSolution
		Debug|Any CPU = Debug|Any CPU
		Release|Any CPU = Release|Any CPU
	EndGlobalSection
	GlobalSection(SolutionProperties) = preSolution
		HideSolutionNode = FALSE
	EndGlobalSection
	GlobalSection(ProjectConfigurationPlatforms) = postSolution
		{FACFC5DD-B3A9-4286-8FCD-738E7D8F9ED2}.Debug|Any CPU.ActiveCfg = Debug|Any CPU
		{FACFC5DD-B3A9-4286-8FCD-738E7D8F9ED2}.Debug|Any CPU.Build.0 = Debug|Any CPU
		{FACFC5DD-B3A9-4286-8FCD-738E7D8F9ED2}.Release|Any CPU.ActiveCfg = Release|Any CPU
		{FACFC5DD-B3A9-4286-8FCD-738E7D8F9ED2}.Release|Any CPU.Build.0 = Release|Any CPU
		{01AE1F97-6A69-4DB6-8922-C2F80B48641E}.Debug|Any CPU.ActiveCfg = Debug|Any CPU
		{01AE1F97-6A69-4DB6-8922-C2F80B48641E}.Debug|Any CPU.Build.0 = Debug|Any CPU
		{01AE1F97-6A69-4DB6-8922-C2F80B48641E}.Release|Any CPU.ActiveCfg = Release|Any CPU
		{01AE1F97-6A69-4DB6-8922-C2F80B48641E}.Release|Any CPU.Build.0 = Release|Any CPU
	EndGlobalSection
EndGlobal
